
Microsoft Visual Studio Solution File, Format Version 12.00
# Visual Studio Version 16
VisualStudioVersion = 16.0.29411.108
MinimumVisualStudioVersion = 10.0.40219.1
Project("{FAE04EC0-301F-11D3-BF4B-00C04F79EFBC}") = "DadosFinanceiros", "DadosFinanceiros\DadosFinanceiros.csproj", "{6A65A02C-EE21-4B33-9EC9-DCD86E2979A7}"
EndProject
Global
	GlobalSection(SolutionConfigurationPlatforms) = preSolution
		Debug|Any CPU = Debug|Any CPU
		Release|Any CPU = Release|Any CPU
	EndGlobalSection
	GlobalSection(ProjectConfigurationPlatforms) = postSolution
		{6A65A02C-EE21-4B33-9EC9-DCD86E2979A7}.Debug|Any CPU.ActiveCfg = Debug|Any CPU
		{6A65A02C-EE21-4B33-9EC9-DCD86E2979A7}.Debug|Any CPU.Build.0 = Debug|Any CPU
		{6A65A02C-EE21-4B33-9EC9-DCD86E2979A7}.Release|Any CPU.ActiveCfg = Release|Any CPU
		{6A65A02C-EE21-4B33-9EC9-DCD86E2979A7}.Release|Any CPU.Build.0 = Release|Any CPU
	EndGlobalSection
	GlobalSection(SolutionProperties) = preSolution
		HideSolutionNode = FALSE
	EndGlobalSection
	GlobalSection(ExtensibilityGlobals) = postSolution
		SolutionGuid = {74BF29EB-5F0F-4EA7-91F6-72B2D78AC591}
	EndGlobalSection
EndGlobal
